// !$*UTF8*$!
{
	archiveVersion = 1;
	classes = {
	};
	objectVersion = 56;
	objects = {

/* Begin PBXBuildFile section */
		5025F6502BBCE0D9002334CC /* FirstEventCardView.swift in Sources */ = {isa = PBXBuildFile; fileRef = 5025F64F2BBCE0D9002334CC /* FirstEventCardView.swift */; };
		5025F6522BBCF4D7002334CC /* NextEventsCardView.swift in Sources */ = {isa = PBXBuildFile; fileRef = 5025F6512BBCF4D7002334CC /* NextEventsCardView.swift */; };
		5048178F2BAF50EB00029215 /* CarouselView.swift in Sources */ = {isa = PBXBuildFile; fileRef = 5048178E2BAF50EB00029215 /* CarouselView.swift */; };
		504817922BAF6ACB00029215 /* HomeView.swift in Sources */ = {isa = PBXBuildFile; fileRef = 504817912BAF6ACB00029215 /* HomeView.swift */; };
		50528D232BAFBD6B0006469C /* EventPopoverView.swift in Sources */ = {isa = PBXBuildFile; fileRef = 50528D222BAFBD6B0006469C /* EventPopoverView.swift */; };
		505C6E0D2BB21C4200D0D3C2 /* Roboto-Bold.ttf in Resources */ = {isa = PBXBuildFile; fileRef = 505C6E012BB21C4200D0D3C2 /* Roboto-Bold.ttf */; };
		505C6E0E2BB21C4200D0D3C2 /* Roboto-Light.ttf in Resources */ = {isa = PBXBuildFile; fileRef = 505C6E022BB21C4200D0D3C2 /* Roboto-Light.ttf */; };
		505C6E0F2BB21C4200D0D3C2 /* Roboto-Black.ttf in Resources */ = {isa = PBXBuildFile; fileRef = 505C6E032BB21C4200D0D3C2 /* Roboto-Black.ttf */; };
		505C6E102BB21C4200D0D3C2 /* Roboto-BoldItalic.ttf in Resources */ = {isa = PBXBuildFile; fileRef = 505C6E042BB21C4200D0D3C2 /* Roboto-BoldItalic.ttf */; };
		505C6E112BB21C4200D0D3C2 /* Roboto-Thin.ttf in Resources */ = {isa = PBXBuildFile; fileRef = 505C6E052BB21C4200D0D3C2 /* Roboto-Thin.ttf */; };
		505C6E122BB21C4200D0D3C2 /* Roboto-Regular.ttf in Resources */ = {isa = PBXBuildFile; fileRef = 505C6E062BB21C4200D0D3C2 /* Roboto-Regular.ttf */; };
		505C6E132BB21C4200D0D3C2 /* Roboto-Italic.ttf in Resources */ = {isa = PBXBuildFile; fileRef = 505C6E072BB21C4200D0D3C2 /* Roboto-Italic.ttf */; };
		505C6E142BB21C4200D0D3C2 /* Roboto-BlackItalic.ttf in Resources */ = {isa = PBXBuildFile; fileRef = 505C6E082BB21C4200D0D3C2 /* Roboto-BlackItalic.ttf */; };
		505C6E152BB21C4200D0D3C2 /* Roboto-ThinItalic.ttf in Resources */ = {isa = PBXBuildFile; fileRef = 505C6E092BB21C4200D0D3C2 /* Roboto-ThinItalic.ttf */; };
		505C6E162BB21C4200D0D3C2 /* Roboto-LightItalic.ttf in Resources */ = {isa = PBXBuildFile; fileRef = 505C6E0A2BB21C4200D0D3C2 /* Roboto-LightItalic.ttf */; };
		505C6E172BB21C4200D0D3C2 /* Roboto-Medium.ttf in Resources */ = {isa = PBXBuildFile; fileRef = 505C6E0B2BB21C4200D0D3C2 /* Roboto-Medium.ttf */; };
		505C6E182BB21C4200D0D3C2 /* Roboto-MediumItalic.ttf in Resources */ = {isa = PBXBuildFile; fileRef = 505C6E0C2BB21C4200D0D3C2 /* Roboto-MediumItalic.ttf */; };
		506067D12BB3CF62000D0481 /* CarouselHistoryView.swift in Sources */ = {isa = PBXBuildFile; fileRef = 506067D02BB3CF62000D0481 /* CarouselHistoryView.swift */; };
		506067D32BB3D0FB000D0481 /* HistoryCardView.swift in Sources */ = {isa = PBXBuildFile; fileRef = 506067D22BB3D0FB000D0481 /* HistoryCardView.swift */; };
		508921FC2BAF6E5D00DCBA07 /* Playfair.ttf in Resources */ = {isa = PBXBuildFile; fileRef = 508921FB2BAF6E5D00DCBA07 /* Playfair.ttf */; };
		50A2A00B2BB262450090AE14 /* FeaturedEvent.swift in Sources */ = {isa = PBXBuildFile; fileRef = 50A2A00A2BB262450090AE14 /* FeaturedEvent.swift */; };
		50A2A00D2BB266800090AE14 /* FeaturedEventPopoverView.swift in Sources */ = {isa = PBXBuildFile; fileRef = 50A2A00C2BB266800090AE14 /* FeaturedEventPopoverView.swift */; };
		50AF18122BB2346F00C461E0 /* ProfileView.swift in Sources */ = {isa = PBXBuildFile; fileRef = 50AF18112BB2346F00C461E0 /* ProfileView.swift */; };
		50AF18142BB2348900C461E0 /* HistoryView.swift in Sources */ = {isa = PBXBuildFile; fileRef = 50AF18132BB2348900C461E0 /* HistoryView.swift */; };
		50AF18162BB234A400C461E0 /* NextEventsView.swift in Sources */ = {isa = PBXBuildFile; fileRef = 50AF18152BB234A400C461E0 /* NextEventsView.swift */; };
		50C6EAE62B97DD2700B7F1C9 /* PentresiApp.swift in Sources */ = {isa = PBXBuildFile; fileRef = 50C6EAE52B97DD2700B7F1C9 /* PentresiApp.swift */; };
		50C6EAE82B97DD2700B7F1C9 /* ContentView.swift in Sources */ = {isa = PBXBuildFile; fileRef = 50C6EAE72B97DD2700B7F1C9 /* ContentView.swift */; };
		50C6EAEA2B97DD2900B7F1C9 /* Assets.xcassets in Resources */ = {isa = PBXBuildFile; fileRef = 50C6EAE92B97DD2900B7F1C9 /* Assets.xcassets */; };
		50C6EAED2B97DD2900B7F1C9 /* Preview Assets.xcassets in Resources */ = {isa = PBXBuildFile; fileRef = 50C6EAEC2B97DD2900B7F1C9 /* Preview Assets.xcassets */; };
		50C6EAF72B97DD2900B7F1C9 /* PentresiTests.swift in Sources */ = {isa = PBXBuildFile; fileRef = 50C6EAF62B97DD2900B7F1C9 /* PentresiTests.swift */; };
		50C6EB012B97DD2900B7F1C9 /* PentresiUITests.swift in Sources */ = {isa = PBXBuildFile; fileRef = 50C6EB002B97DD2900B7F1C9 /* PentresiUITests.swift */; };
		50C6EB032B97DD2900B7F1C9 /* PentresiUITestsLaunchTests.swift in Sources */ = {isa = PBXBuildFile; fileRef = 50C6EB022B97DD2900B7F1C9 /* PentresiUITestsLaunchTests.swift */; };
		50CD293E2BA1310E00779CB9 /* FeaturedEventCardView.swift in Sources */ = {isa = PBXBuildFile; fileRef = 50CD293D2BA1310E00779CB9 /* FeaturedEventCardView.swift */; };
		50CD86922B9CF898007155A8 /* EventCardView.swift in Sources */ = {isa = PBXBuildFile; fileRef = 50CD86912B9CF898007155A8 /* EventCardView.swift */; };
		50CD86942B9CFA27007155A8 /* Event.swift in Sources */ = {isa = PBXBuildFile; fileRef = 50CD86932B9CFA27007155A8 /* Event.swift */; };
		50E5327E2BBE15E400CE57D9 /* NextEventsListView.swift in Sources */ = {isa = PBXBuildFile; fileRef = 50E5327D2BBE15E400CE57D9 /* NextEventsListView.swift */; };
/* End PBXBuildFile section */

/* Begin PBXContainerItemProxy section */
		50C6EAF32B97DD2900B7F1C9 /* PBXContainerItemProxy */ = {
			isa = PBXContainerItemProxy;
			containerPortal = 50C6EADA2B97DD2700B7F1C9 /* Project object */;
			proxyType = 1;
			remoteGlobalIDString = 50C6EAE12B97DD2700B7F1C9;
			remoteInfo = Pentresi;
		};
		50C6EAFD2B97DD2900B7F1C9 /* PBXContainerItemProxy */ = {
			isa = PBXContainerItemProxy;
			containerPortal = 50C6EADA2B97DD2700B7F1C9 /* Project object */;
			proxyType = 1;
			remoteGlobalIDString = 50C6EAE12B97DD2700B7F1C9;
			remoteInfo = Pentresi;
		};
/* End PBXContainerItemProxy section */

/* Begin PBXFileReference section */
		5025F64F2BBCE0D9002334CC /* FirstEventCardView.swift */ = {isa = PBXFileReference; lastKnownFileType = sourcecode.swift; path = FirstEventCardView.swift; sourceTree = "<group>"; };
		5025F6512BBCF4D7002334CC /* NextEventsCardView.swift */ = {isa = PBXFileReference; lastKnownFileType = sourcecode.swift; path = NextEventsCardView.swift; sourceTree = "<group>"; };
		5048178E2BAF50EB00029215 /* CarouselView.swift */ = {isa = PBXFileReference; lastKnownFileType = sourcecode.swift; path = CarouselView.swift; sourceTree = "<group>"; };
		504817912BAF6ACB00029215 /* HomeView.swift */ = {isa = PBXFileReference; lastKnownFileType = sourcecode.swift; path = HomeView.swift; sourceTree = "<group>"; };
		50528D222BAFBD6B0006469C /* EventPopoverView.swift */ = {isa = PBXFileReference; lastKnownFileType = sourcecode.swift; path = EventPopoverView.swift; sourceTree = "<group>"; };
		505C6E012BB21C4200D0D3C2 /* Roboto-Bold.ttf */ = {isa = PBXFileReference; lastKnownFileType = file; name = "Roboto-Bold.ttf"; path = "../../../../../../Downloads/Roboto/Roboto-Bold.ttf"; sourceTree = "<group>"; };
		505C6E022BB21C4200D0D3C2 /* Roboto-Light.ttf */ = {isa = PBXFileReference; lastKnownFileType = file; name = "Roboto-Light.ttf"; path = "../../../../../../Downloads/Roboto/Roboto-Light.ttf"; sourceTree = "<group>"; };
		505C6E032BB21C4200D0D3C2 /* Roboto-Black.ttf */ = {isa = PBXFileReference; lastKnownFileType = file; name = "Roboto-Black.ttf"; path = "../../../../../../Downloads/Roboto/Roboto-Black.ttf"; sourceTree = "<group>"; };
		505C6E042BB21C4200D0D3C2 /* Roboto-BoldItalic.ttf */ = {isa = PBXFileReference; lastKnownFileType = file; name = "Roboto-BoldItalic.ttf"; path = "../../../../../../Downloads/Roboto/Roboto-BoldItalic.ttf"; sourceTree = "<group>"; };
		505C6E052BB21C4200D0D3C2 /* Roboto-Thin.ttf */ = {isa = PBXFileReference; lastKnownFileType = file; name = "Roboto-Thin.ttf"; path = "../../../../../../Downloads/Roboto/Roboto-Thin.ttf"; sourceTree = "<group>"; };
		505C6E062BB21C4200D0D3C2 /* Roboto-Regular.ttf */ = {isa = PBXFileReference; lastKnownFileType = file; name = "Roboto-Regular.ttf"; path = "../../../../../../Downloads/Roboto/Roboto-Regular.ttf"; sourceTree = "<group>"; };
		505C6E072BB21C4200D0D3C2 /* Roboto-Italic.ttf */ = {isa = PBXFileReference; lastKnownFileType = file; name = "Roboto-Italic.ttf"; path = "../../../../../../Downloads/Roboto/Roboto-Italic.ttf"; sourceTree = "<group>"; };
		505C6E082BB21C4200D0D3C2 /* Roboto-BlackItalic.ttf */ = {isa = PBXFileReference; lastKnownFileType = file; name = "Roboto-BlackItalic.ttf"; path = "../../../../../../Downloads/Roboto/Roboto-BlackItalic.ttf"; sourceTree = "<group>"; };
		505C6E092BB21C4200D0D3C2 /* Roboto-ThinItalic.ttf */ = {isa = PBXFileReference; lastKnownFileType = file; name = "Roboto-ThinItalic.ttf"; path = "../../../../../../Downloads/Roboto/Roboto-ThinItalic.ttf"; sourceTree = "<group>"; };
		505C6E0A2BB21C4200D0D3C2 /* Roboto-LightItalic.ttf */ = {isa = PBXFileReference; lastKnownFileType = file; name = "Roboto-LightItalic.ttf"; path = "../../../../../../Downloads/Roboto/Roboto-LightItalic.ttf"; sourceTree = "<group>"; };
		505C6E0B2BB21C4200D0D3C2 /* Roboto-Medium.ttf */ = {isa = PBXFileReference; lastKnownFileType = file; name = "Roboto-Medium.ttf"; path = "../../../../../../Downloads/Roboto/Roboto-Medium.ttf"; sourceTree = "<group>"; };
		505C6E0C2BB21C4200D0D3C2 /* Roboto-MediumItalic.ttf */ = {isa = PBXFileReference; lastKnownFileType = file; name = "Roboto-MediumItalic.ttf"; path = "../../../../../../Downloads/Roboto/Roboto-MediumItalic.ttf"; sourceTree = "<group>"; };
		506067D02BB3CF62000D0481 /* CarouselHistoryView.swift */ = {isa = PBXFileReference; lastKnownFileType = sourcecode.swift; path = CarouselHistoryView.swift; sourceTree = "<group>"; };
		506067D22BB3D0FB000D0481 /* HistoryCardView.swift */ = {isa = PBXFileReference; lastKnownFileType = sourcecode.swift; path = HistoryCardView.swift; sourceTree = "<group>"; };
		508921FB2BAF6E5D00DCBA07 /* Playfair.ttf */ = {isa = PBXFileReference; lastKnownFileType = file; name = Playfair.ttf; path = "../../../../../Downloads/Playfair Display/Playfair.ttf"; sourceTree = "<group>"; };
		508921FD2BAF718300DCBA07 /* Info.plist */ = {isa = PBXFileReference; lastKnownFileType = text.plist; path = Info.plist; sourceTree = "<group>"; };
		50A2A00A2BB262450090AE14 /* FeaturedEvent.swift */ = {isa = PBXFileReference; lastKnownFileType = sourcecode.swift; path = FeaturedEvent.swift; sourceTree = "<group>"; };
		50A2A00C2BB266800090AE14 /* FeaturedEventPopoverView.swift */ = {isa = PBXFileReference; lastKnownFileType = sourcecode.swift; path = FeaturedEventPopoverView.swift; sourceTree = "<group>"; };
		50AF18112BB2346F00C461E0 /* ProfileView.swift */ = {isa = PBXFileReference; lastKnownFileType = sourcecode.swift; path = ProfileView.swift; sourceTree = "<group>"; };
		50AF18132BB2348900C461E0 /* HistoryView.swift */ = {isa = PBXFileReference; lastKnownFileType = sourcecode.swift; path = HistoryView.swift; sourceTree = "<group>"; };
		50AF18152BB234A400C461E0 /* NextEventsView.swift */ = {isa = PBXFileReference; lastKnownFileType = sourcecode.swift; path = NextEventsView.swift; sourceTree = "<group>"; };
		50C6EAE22B97DD2700B7F1C9 /* Pentresi.app */ = {isa = PBXFileReference; explicitFileType = wrapper.application; includeInIndex = 0; path = Pentresi.app; sourceTree = BUILT_PRODUCTS_DIR; };
		50C6EAE52B97DD2700B7F1C9 /* PentresiApp.swift */ = {isa = PBXFileReference; lastKnownFileType = sourcecode.swift; path = PentresiApp.swift; sourceTree = "<group>"; };
		50C6EAE72B97DD2700B7F1C9 /* ContentView.swift */ = {isa = PBXFileReference; lastKnownFileType = sourcecode.swift; path = ContentView.swift; sourceTree = "<group>"; };
		50C6EAE92B97DD2900B7F1C9 /* Assets.xcassets */ = {isa = PBXFileReference; lastKnownFileType = folder.assetcatalog; path = Assets.xcassets; sourceTree = "<group>"; };
		50C6EAEC2B97DD2900B7F1C9 /* Preview Assets.xcassets */ = {isa = PBXFileReference; lastKnownFileType = folder.assetcatalog; path = "Preview Assets.xcassets"; sourceTree = "<group>"; };
		50C6EAF22B97DD2900B7F1C9 /* PentresiTests.xctest */ = {isa = PBXFileReference; explicitFileType = wrapper.cfbundle; includeInIndex = 0; path = PentresiTests.xctest; sourceTree = BUILT_PRODUCTS_DIR; };
		50C6EAF62B97DD2900B7F1C9 /* PentresiTests.swift */ = {isa = PBXFileReference; lastKnownFileType = sourcecode.swift; path = PentresiTests.swift; sourceTree = "<group>"; };
		50C6EAFC2B97DD2900B7F1C9 /* PentresiUITests.xctest */ = {isa = PBXFileReference; explicitFileType = wrapper.cfbundle; includeInIndex = 0; path = PentresiUITests.xctest; sourceTree = BUILT_PRODUCTS_DIR; };
		50C6EB002B97DD2900B7F1C9 /* PentresiUITests.swift */ = {isa = PBXFileReference; lastKnownFileType = sourcecode.swift; path = PentresiUITests.swift; sourceTree = "<group>"; };
		50C6EB022B97DD2900B7F1C9 /* PentresiUITestsLaunchTests.swift */ = {isa = PBXFileReference; lastKnownFileType = sourcecode.swift; path = PentresiUITestsLaunchTests.swift; sourceTree = "<group>"; };
		50CD293D2BA1310E00779CB9 /* FeaturedEventCardView.swift */ = {isa = PBXFileReference; lastKnownFileType = sourcecode.swift; path = FeaturedEventCardView.swift; sourceTree = "<group>"; };
		50CD86912B9CF898007155A8 /* EventCardView.swift */ = {isa = PBXFileReference; lastKnownFileType = sourcecode.swift; path = EventCardView.swift; sourceTree = "<group>"; };
		50CD86932B9CFA27007155A8 /* Event.swift */ = {isa = PBXFileReference; lastKnownFileType = sourcecode.swift; path = Event.swift; sourceTree = "<group>"; };
		50E5327D2BBE15E400CE57D9 /* NextEventsListView.swift */ = {isa = PBXFileReference; lastKnownFileType = sourcecode.swift; path = NextEventsListView.swift; sourceTree = "<group>"; };
/* End PBXFileReference section */

/* Begin PBXFrameworksBuildPhase section */
		50C6EADF2B97DD2700B7F1C9 /* Frameworks */ = {
			isa = PBXFrameworksBuildPhase;
			buildActionMask = 2147483647;
			files = (
			);
			runOnlyForDeploymentPostprocessing = 0;
		};
		50C6EAEF2B97DD2900B7F1C9 /* Frameworks */ = {
			isa = PBXFrameworksBuildPhase;
			buildActionMask = 2147483647;
			files = (
			);
			runOnlyForDeploymentPostprocessing = 0;
		};
		50C6EAF92B97DD2900B7F1C9 /* Frameworks */ = {
			isa = PBXFrameworksBuildPhase;
			buildActionMask = 2147483647;
			files = (
			);
			runOnlyForDeploymentPostprocessing = 0;
		};
/* End PBXFrameworksBuildPhase section */

/* Begin PBXGroup section */
		504817902BAF616300029215 /* Views */ = {
			isa = PBXGroup;
			children = (
				50528D212BAFBC790006469C /* EventViews */,
				50CD86932B9CFA27007155A8 /* Event.swift */,
				50A2A00A2BB262450090AE14 /* FeaturedEvent.swift */,
				504817932BAF6AE800029215 /* HomeViews */,
				504817912BAF6ACB00029215 /* HomeView.swift */,
				50AF18112BB2346F00C461E0 /* ProfileView.swift */,
				506067CF2BB3CDB4000D0481 /* HistoryViews */,
				50AF18132BB2348900C461E0 /* HistoryView.swift */,
				506067CE2BB3CC9A000D0481 /* NextEventsViews */,
				50AF18152BB234A400C461E0 /* NextEventsView.swift */,
			);
			path = Views;
			sourceTree = "<group>";
		};
		504817932BAF6AE800029215 /* HomeViews */ = {
			isa = PBXGroup;
			children = (
				50CD86912B9CF898007155A8 /* EventCardView.swift */,
				50CD293D2BA1310E00779CB9 /* FeaturedEventCardView.swift */,
				5048178E2BAF50EB00029215 /* CarouselView.swift */,
			);
			path = HomeViews;
			sourceTree = "<group>";
		};
		504817942BAF6C8700029215 /* Fonts */ = {
			isa = PBXGroup;
			children = (
				505C6DFF2BB21C1800D0D3C2 /* Roboto */,
				508921FB2BAF6E5D00DCBA07 /* Playfair.ttf */,
			);
			path = Fonts;
			sourceTree = "<group>";
		};
		50528D212BAFBC790006469C /* EventViews */ = {
			isa = PBXGroup;
			children = (
				50528D222BAFBD6B0006469C /* EventPopoverView.swift */,
				50A2A00C2BB266800090AE14 /* FeaturedEventPopoverView.swift */,
			);
			path = EventViews;
			sourceTree = "<group>";
		};
		505C6DFF2BB21C1800D0D3C2 /* Roboto */ = {
			isa = PBXGroup;
			children = (
				505C6E032BB21C4200D0D3C2 /* Roboto-Black.ttf */,
				505C6E082BB21C4200D0D3C2 /* Roboto-BlackItalic.ttf */,
				505C6E012BB21C4200D0D3C2 /* Roboto-Bold.ttf */,
				505C6E042BB21C4200D0D3C2 /* Roboto-BoldItalic.ttf */,
				505C6E072BB21C4200D0D3C2 /* Roboto-Italic.ttf */,
				505C6E022BB21C4200D0D3C2 /* Roboto-Light.ttf */,
				505C6E0A2BB21C4200D0D3C2 /* Roboto-LightItalic.ttf */,
				505C6E0B2BB21C4200D0D3C2 /* Roboto-Medium.ttf */,
				505C6E0C2BB21C4200D0D3C2 /* Roboto-MediumItalic.ttf */,
				505C6E062BB21C4200D0D3C2 /* Roboto-Regular.ttf */,
				505C6E052BB21C4200D0D3C2 /* Roboto-Thin.ttf */,
				505C6E092BB21C4200D0D3C2 /* Roboto-ThinItalic.ttf */,
			);
			path = Roboto;
			sourceTree = "<group>";
		};
		506067CE2BB3CC9A000D0481 /* NextEventsViews */ = {
			isa = PBXGroup;
			children = (
				5025F64F2BBCE0D9002334CC /* FirstEventCardView.swift */,
				5025F6512BBCF4D7002334CC /* NextEventsCardView.swift */,
				50E5327D2BBE15E400CE57D9 /* NextEventsListView.swift */,
			);
			path = NextEventsViews;
			sourceTree = "<group>";
		};
		506067CF2BB3CDB4000D0481 /* HistoryViews */ = {
			isa = PBXGroup;
			children = (
				506067D02BB3CF62000D0481 /* CarouselHistoryView.swift */,
				506067D22BB3D0FB000D0481 /* HistoryCardView.swift */,
			);
			path = HistoryViews;
			sourceTree = "<group>";
		};
		50C6EAD92B97DD2700B7F1C9 = {
			isa = PBXGroup;
			children = (
				50C6EAE42B97DD2700B7F1C9 /* Pentresi */,
				50C6EAF52B97DD2900B7F1C9 /* PentresiTests */,
				50C6EAFF2B97DD2900B7F1C9 /* PentresiUITests */,
				50C6EAE32B97DD2700B7F1C9 /* Products */,
			);
			sourceTree = "<group>";
		};
		50C6EAE32B97DD2700B7F1C9 /* Products */ = {
			isa = PBXGroup;
			children = (
				50C6EAE22B97DD2700B7F1C9 /* Pentresi.app */,
				50C6EAF22B97DD2900B7F1C9 /* PentresiTests.xctest */,
				50C6EAFC2B97DD2900B7F1C9 /* PentresiUITests.xctest */,
			);
			name = Products;
			sourceTree = "<group>";
		};
		50C6EAE42B97DD2700B7F1C9 /* Pentresi */ = {
			isa = PBXGroup;
			children = (
				508921FD2BAF718300DCBA07 /* Info.plist */,
				504817942BAF6C8700029215 /* Fonts */,
				504817902BAF616300029215 /* Views */,
				50C6EAE52B97DD2700B7F1C9 /* PentresiApp.swift */,
				50C6EAE72B97DD2700B7F1C9 /* ContentView.swift */,
				50C6EAE92B97DD2900B7F1C9 /* Assets.xcassets */,
				50C6EAEB2B97DD2900B7F1C9 /* Preview Content */,
			);
			path = Pentresi;
			sourceTree = "<group>";
		};
		50C6EAEB2B97DD2900B7F1C9 /* Preview Content */ = {
			isa = PBXGroup;
			children = (
				50C6EAEC2B97DD2900B7F1C9 /* Preview Assets.xcassets */,
			);
			path = "Preview Content";
			sourceTree = "<group>";
		};
		50C6EAF52B97DD2900B7F1C9 /* PentresiTests */ = {
			isa = PBXGroup;
			children = (
				50C6EAF62B97DD2900B7F1C9 /* PentresiTests.swift */,
			);
			path = PentresiTests;
			sourceTree = "<group>";
		};
		50C6EAFF2B97DD2900B7F1C9 /* PentresiUITests */ = {
			isa = PBXGroup;
			children = (
				50C6EB002B97DD2900B7F1C9 /* PentresiUITests.swift */,
				50C6EB022B97DD2900B7F1C9 /* PentresiUITestsLaunchTests.swift */,
			);
			path = PentresiUITests;
			sourceTree = "<group>";
		};
/* End PBXGroup section */

/* Begin PBXNativeTarget section */
		50C6EAE12B97DD2700B7F1C9 /* Pentresi */ = {
			isa = PBXNativeTarget;
			buildConfigurationList = 50C6EB062B97DD2900B7F1C9 /* Build configuration list for PBXNativeTarget "Pentresi" */;
			buildPhases = (
				50C6EADE2B97DD2700B7F1C9 /* Sources */,
				50C6EADF2B97DD2700B7F1C9 /* Frameworks */,
				50C6EAE02B97DD2700B7F1C9 /* Resources */,
			);
			buildRules = (
			);
			dependencies = (
			);
			name = Pentresi;
			productName = Pentresi;
			productReference = 50C6EAE22B97DD2700B7F1C9 /* Pentresi.app */;
			productType = "com.apple.product-type.application";
		};
		50C6EAF12B97DD2900B7F1C9 /* PentresiTests */ = {
			isa = PBXNativeTarget;
			buildConfigurationList = 50C6EB092B97DD2900B7F1C9 /* Build configuration list for PBXNativeTarget "PentresiTests" */;
			buildPhases = (
				50C6EAEE2B97DD2900B7F1C9 /* Sources */,
				50C6EAEF2B97DD2900B7F1C9 /* Frameworks */,
				50C6EAF02B97DD2900B7F1C9 /* Resources */,
			);
			buildRules = (
			);
			dependencies = (
				50C6EAF42B97DD2900B7F1C9 /* PBXTargetDependency */,
			);
			name = PentresiTests;
			productName = PentresiTests;
			productReference = 50C6EAF22B97DD2900B7F1C9 /* PentresiTests.xctest */;
			productType = "com.apple.product-type.bundle.unit-test";
		};
		50C6EAFB2B97DD2900B7F1C9 /* PentresiUITests */ = {
			isa = PBXNativeTarget;
			buildConfigurationList = 50C6EB0C2B97DD2900B7F1C9 /* Build configuration list for PBXNativeTarget "PentresiUITests" */;
			buildPhases = (
				50C6EAF82B97DD2900B7F1C9 /* Sources */,
				50C6EAF92B97DD2900B7F1C9 /* Frameworks */,
				50C6EAFA2B97DD2900B7F1C9 /* Resources */,
			);
			buildRules = (
			);
			dependencies = (
				50C6EAFE2B97DD2900B7F1C9 /* PBXTargetDependency */,
			);
			name = PentresiUITests;
			productName = PentresiUITests;
			productReference = 50C6EAFC2B97DD2900B7F1C9 /* PentresiUITests.xctest */;
			productType = "com.apple.product-type.bundle.ui-testing";
		};
/* End PBXNativeTarget section */

/* Begin PBXProject section */
		50C6EADA2B97DD2700B7F1C9 /* Project object */ = {
			isa = PBXProject;
			attributes = {
				BuildIndependentTargetsInParallel = 1;
				KnownAssetTags = (
					Playfair,
				);
				LastSwiftUpdateCheck = 1520;
				LastUpgradeCheck = 1520;
				TargetAttributes = {
					50C6EAE12B97DD2700B7F1C9 = {
						CreatedOnToolsVersion = 15.2;
					};
					50C6EAF12B97DD2900B7F1C9 = {
						CreatedOnToolsVersion = 15.2;
						TestTargetID = 50C6EAE12B97DD2700B7F1C9;
					};
					50C6EAFB2B97DD2900B7F1C9 = {
						CreatedOnToolsVersion = 15.2;
						TestTargetID = 50C6EAE12B97DD2700B7F1C9;
					};
				};
			};
			buildConfigurationList = 50C6EADD2B97DD2700B7F1C9 /* Build configuration list for PBXProject "Pentresi" */;
			compatibilityVersion = "Xcode 14.0";
			developmentRegion = en;
			hasScannedForEncodings = 0;
			knownRegions = (
				en,
				Base,
			);
			mainGroup = 50C6EAD92B97DD2700B7F1C9;
			productRefGroup = 50C6EAE32B97DD2700B7F1C9 /* Products */;
			projectDirPath = "";
			projectRoot = "";
			targets = (
				50C6EAE12B97DD2700B7F1C9 /* Pentresi */,
				50C6EAF12B97DD2900B7F1C9 /* PentresiTests */,
				50C6EAFB2B97DD2900B7F1C9 /* PentresiUITests */,
			);
		};
/* End PBXProject section */

/* Begin PBXResourcesBuildPhase section */
		50C6EAE02B97DD2700B7F1C9 /* Resources */ = {
			isa = PBXResourcesBuildPhase;
			buildActionMask = 2147483647;
			files = (
				505C6E152BB21C4200D0D3C2 /* Roboto-ThinItalic.ttf in Resources */,
				505C6E182BB21C4200D0D3C2 /* Roboto-MediumItalic.ttf in Resources */,
				505C6E112BB21C4200D0D3C2 /* Roboto-Thin.ttf in Resources */,
				50C6EAED2B97DD2900B7F1C9 /* Preview Assets.xcassets in Resources */,
				508921FC2BAF6E5D00DCBA07 /* Playfair.ttf in Resources */,
				505C6E162BB21C4200D0D3C2 /* Roboto-LightItalic.ttf in Resources */,
				505C6E0E2BB21C4200D0D3C2 /* Roboto-Light.ttf in Resources */,
				505C6E0D2BB21C4200D0D3C2 /* Roboto-Bold.ttf in Resources */,
				50C6EAEA2B97DD2900B7F1C9 /* Assets.xcassets in Resources */,
				505C6E142BB21C4200D0D3C2 /* Roboto-BlackItalic.ttf in Resources */,
				505C6E122BB21C4200D0D3C2 /* Roboto-Regular.ttf in Resources */,
				505C6E172BB21C4200D0D3C2 /* Roboto-Medium.ttf in Resources */,
				505C6E132BB21C4200D0D3C2 /* Roboto-Italic.ttf in Resources */,
				505C6E102BB21C4200D0D3C2 /* Roboto-BoldItalic.ttf in Resources */,
				505C6E0F2BB21C4200D0D3C2 /* Roboto-Black.ttf in Resources */,
			);
			runOnlyForDeploymentPostprocessing = 0;
		};
		50C6EAF02B97DD2900B7F1C9 /* Resources */ = {
			isa = PBXResourcesBuildPhase;
			buildActionMask = 2147483647;
			files = (
			);
			runOnlyForDeploymentPostprocessing = 0;
		};
		50C6EAFA2B97DD2900B7F1C9 /* Resources */ = {
			isa = PBXResourcesBuildPhase;
			buildActionMask = 2147483647;
			files = (
			);
			runOnlyForDeploymentPostprocessing = 0;
		};
/* End PBXResourcesBuildPhase section */

/* Begin PBXSourcesBuildPhase section */
		50C6EADE2B97DD2700B7F1C9 /* Sources */ = {
			isa = PBXSourcesBuildPhase;
			buildActionMask = 2147483647;
			files = (
				50A2A00B2BB262450090AE14 /* FeaturedEvent.swift in Sources */,
				506067D32BB3D0FB000D0481 /* HistoryCardView.swift in Sources */,
				5025F6502BBCE0D9002334CC /* FirstEventCardView.swift in Sources */,
				50CD293E2BA1310E00779CB9 /* FeaturedEventCardView.swift in Sources */,
				50AF18122BB2346F00C461E0 /* ProfileView.swift in Sources */,
				50528D232BAFBD6B0006469C /* EventPopoverView.swift in Sources */,
				504817922BAF6ACB00029215 /* HomeView.swift in Sources */,
				50CD86942B9CFA27007155A8 /* Event.swift in Sources */,
				50E5327E2BBE15E400CE57D9 /* NextEventsListView.swift in Sources */,
				50CD86922B9CF898007155A8 /* EventCardView.swift in Sources */,
				50C6EAE82B97DD2700B7F1C9 /* ContentView.swift in Sources */,
				50AF18142BB2348900C461E0 /* HistoryView.swift in Sources */,
				5048178F2BAF50EB00029215 /* CarouselView.swift in Sources */,
				50A2A00D2BB266800090AE14 /* FeaturedEventPopoverView.swift in Sources */,
				5025F6522BBCF4D7002334CC /* NextEventsCardView.swift in Sources */,
				50AF18162BB234A400C461E0 /* NextEventsView.swift in Sources */,
				50C6EAE62B97DD2700B7F1C9 /* PentresiApp.swift in Sources */,
				506067D12BB3CF62000D0481 /* CarouselHistoryView.swift in Sources */,
			);
			runOnlyForDeploymentPostprocessing = 0;
		};
		50C6EAEE2B97DD2900B7F1C9 /* Sources */ = {
			isa = PBXSourcesBuildPhase;
			buildActionMask = 2147483647;
			files = (
				50C6EAF72B97DD2900B7F1C9 /* PentresiTests.swift in Sources */,
			);
			runOnlyForDeploymentPostprocessing = 0;
		};
		50C6EAF82B97DD2900B7F1C9 /* Sources */ = {
			isa = PBXSourcesBuildPhase;
			buildActionMask = 2147483647;
			files = (
				50C6EB032B97DD2900B7F1C9 /* PentresiUITestsLaunchTests.swift in Sources */,
				50C6EB012B97DD2900B7F1C9 /* PentresiUITests.swift in Sources */,
			);
			runOnlyForDeploymentPostprocessing = 0;
		};
/* End PBXSourcesBuildPhase section */

/* Begin PBXTargetDependency section */
		50C6EAF42B97DD2900B7F1C9 /* PBXTargetDependency */ = {
			isa = PBXTargetDependency;
			target = 50C6EAE12B97DD2700B7F1C9 /* Pentresi */;
			targetProxy = 50C6EAF32B97DD2900B7F1C9 /* PBXContainerItemProxy */;
		};
		50C6EAFE2B97DD2900B7F1C9 /* PBXTargetDependency */ = {
			isa = PBXTargetDependency;
			target = 50C6EAE12B97DD2700B7F1C9 /* Pentresi */;
			targetProxy = 50C6EAFD2B97DD2900B7F1C9 /* PBXContainerItemProxy */;
		};
/* End PBXTargetDependency section */

/* Begin XCBuildConfiguration section */
		50C6EB042B97DD2900B7F1C9 /* Debug */ = {
			isa = XCBuildConfiguration;
			buildSettings = {
				ALWAYS_SEARCH_USER_PATHS = NO;
				ASSETCATALOG_COMPILER_GENERATE_SWIFT_ASSET_SYMBOL_EXTENSIONS = YES;
				CLANG_ANALYZER_NONNULL = YES;
				CLANG_ANALYZER_NUMBER_OBJECT_CONVERSION = YES_AGGRESSIVE;
				CLANG_CXX_LANGUAGE_STANDARD = "gnu++20";
				CLANG_ENABLE_MODULES = YES;
				CLANG_ENABLE_OBJC_ARC = YES;
				CLANG_ENABLE_OBJC_WEAK = YES;
				CLANG_WARN_BLOCK_CAPTURE_AUTORELEASING = YES;
				CLANG_WARN_BOOL_CONVERSION = YES;
				CLANG_WARN_COMMA = YES;
				CLANG_WARN_CONSTANT_CONVERSION = YES;
				CLANG_WARN_DEPRECATED_OBJC_IMPLEMENTATIONS = YES;
				CLANG_WARN_DIRECT_OBJC_ISA_USAGE = YES_ERROR;
				CLANG_WARN_DOCUMENTATION_COMMENTS = YES;
				CLANG_WARN_EMPTY_BODY = YES;
				CLANG_WARN_ENUM_CONVERSION = YES;
				CLANG_WARN_INFINITE_RECURSION = YES;
				CLANG_WARN_INT_CONVERSION = YES;
				CLANG_WARN_NON_LITERAL_NULL_CONVERSION = YES;
				CLANG_WARN_OBJC_IMPLICIT_RETAIN_SELF = YES;
				CLANG_WARN_OBJC_LITERAL_CONVERSION = YES;
				CLANG_WARN_OBJC_ROOT_CLASS = YES_ERROR;
				CLANG_WARN_QUOTED_INCLUDE_IN_FRAMEWORK_HEADER = YES;
				CLANG_WARN_RANGE_LOOP_ANALYSIS = YES;
				CLANG_WARN_STRICT_PROTOTYPES = YES;
				CLANG_WARN_SUSPICIOUS_MOVE = YES;
				CLANG_WARN_UNGUARDED_AVAILABILITY = YES_AGGRESSIVE;
				CLANG_WARN_UNREACHABLE_CODE = YES;
				CLANG_WARN__DUPLICATE_METHOD_MATCH = YES;
				COPY_PHASE_STRIP = NO;
				DEBUG_INFORMATION_FORMAT = dwarf;
				ENABLE_STRICT_OBJC_MSGSEND = YES;
				ENABLE_TESTABILITY = YES;
				ENABLE_USER_SCRIPT_SANDBOXING = YES;
				GCC_C_LANGUAGE_STANDARD = gnu17;
				GCC_DYNAMIC_NO_PIC = NO;
				GCC_NO_COMMON_BLOCKS = YES;
				GCC_OPTIMIZATION_LEVEL = 0;
				GCC_PREPROCESSOR_DEFINITIONS = (
					"DEBUG=1",
					"$(inherited)",
				);
				GCC_WARN_64_TO_32_BIT_CONVERSION = YES;
				GCC_WARN_ABOUT_RETURN_TYPE = YES_ERROR;
				GCC_WARN_UNDECLARED_SELECTOR = YES;
				GCC_WARN_UNINITIALIZED_AUTOS = YES_AGGRESSIVE;
				GCC_WARN_UNUSED_FUNCTION = YES;
				GCC_WARN_UNUSED_VARIABLE = YES;
				IPHONEOS_DEPLOYMENT_TARGET = 17.2;
				LOCALIZATION_PREFERS_STRING_CATALOGS = YES;
				MTL_ENABLE_DEBUG_INFO = INCLUDE_SOURCE;
				MTL_FAST_MATH = YES;
				ONLY_ACTIVE_ARCH = YES;
				SDKROOT = iphoneos;
				SWIFT_ACTIVE_COMPILATION_CONDITIONS = "DEBUG $(inherited)";
				SWIFT_OPTIMIZATION_LEVEL = "-Onone";
			};
			name = Debug;
		};
		50C6EB052B97DD2900B7F1C9 /* Release */ = {
			isa = XCBuildConfiguration;
			buildSettings = {
				ALWAYS_SEARCH_USER_PATHS = NO;
				ASSETCATALOG_COMPILER_GENERATE_SWIFT_ASSET_SYMBOL_EXTENSIONS = YES;
				CLANG_ANALYZER_NONNULL = YES;
				CLANG_ANALYZER_NUMBER_OBJECT_CONVERSION = YES_AGGRESSIVE;
				CLANG_CXX_LANGUAGE_STANDARD = "gnu++20";
				CLANG_ENABLE_MODULES = YES;
				CLANG_ENABLE_OBJC_ARC = YES;
				CLANG_ENABLE_OBJC_WEAK = YES;
				CLANG_WARN_BLOCK_CAPTURE_AUTORELEASING = YES;
				CLANG_WARN_BOOL_CONVERSION = YES;
				CLANG_WARN_COMMA = YES;
				CLANG_WARN_CONSTANT_CONVERSION = YES;
				CLANG_WARN_DEPRECATED_OBJC_IMPLEMENTATIONS = YES;
				CLANG_WARN_DIRECT_OBJC_ISA_USAGE = YES_ERROR;
				CLANG_WARN_DOCUMENTATION_COMMENTS = YES;
				CLANG_WARN_EMPTY_BODY = YES;
				CLANG_WARN_ENUM_CONVERSION = YES;
				CLANG_WARN_INFINITE_RECURSION = YES;
				CLANG_WARN_INT_CONVERSION = YES;
				CLANG_WARN_NON_LITERAL_NULL_CONVERSION = YES;
				CLANG_WARN_OBJC_IMPLICIT_RETAIN_SELF = YES;
				CLANG_WARN_OBJC_LITERAL_CONVERSION = YES;
				CLANG_WARN_OBJC_ROOT_CLASS = YES_ERROR;
				CLANG_WARN_QUOTED_INCLUDE_IN_FRAMEWORK_HEADER = YES;
				CLANG_WARN_RANGE_LOOP_ANALYSIS = YES;
				CLANG_WARN_STRICT_PROTOTYPES = YES;
				CLANG_WARN_SUSPICIOUS_MOVE = YES;
				CLANG_WARN_UNGUARDED_AVAILABILITY = YES_AGGRESSIVE;
				CLANG_WARN_UNREACHABLE_CODE = YES;
				CLANG_WARN__DUPLICATE_METHOD_MATCH = YES;
				COPY_PHASE_STRIP = NO;
				DEBUG_INFORMATION_FORMAT = "dwarf-with-dsym";
				ENABLE_NS_ASSERTIONS = NO;
				ENABLE_STRICT_OBJC_MSGSEND = YES;
				ENABLE_USER_SCRIPT_SANDBOXING = YES;
				GCC_C_LANGUAGE_STANDARD = gnu17;
				GCC_NO_COMMON_BLOCKS = YES;
				GCC_WARN_64_TO_32_BIT_CONVERSION = YES;
				GCC_WARN_ABOUT_RETURN_TYPE = YES_ERROR;
				GCC_WARN_UNDECLARED_SELECTOR = YES;
				GCC_WARN_UNINITIALIZED_AUTOS = YES_AGGRESSIVE;
				GCC_WARN_UNUSED_FUNCTION = YES;
				GCC_WARN_UNUSED_VARIABLE = YES;
				IPHONEOS_DEPLOYMENT_TARGET = 17.2;
				LOCALIZATION_PREFERS_STRING_CATALOGS = YES;
				MTL_ENABLE_DEBUG_INFO = NO;
				MTL_FAST_MATH = YES;
				SDKROOT = iphoneos;
				SWIFT_COMPILATION_MODE = wholemodule;
				VALIDATE_PRODUCT = YES;
			};
			name = Release;
		};
		50C6EB072B97DD2900B7F1C9 /* Debug */ = {
			isa = XCBuildConfiguration;
			buildSettings = {
				ASSETCATALOG_COMPILER_APPICON_NAME = AppIcon;
				ASSETCATALOG_COMPILER_GLOBAL_ACCENT_COLOR_NAME = AccentColor;
				CODE_SIGN_STYLE = Automatic;
				CURRENT_PROJECT_VERSION = 1;
				DEVELOPMENT_ASSET_PATHS = "\"Pentresi/Preview Content\"";
				DEVELOPMENT_TEAM = 5D94C8T5RQ;
				ENABLE_PREVIEWS = YES;
				GENERATE_INFOPLIST_FILE = YES;
				INFOPLIST_FILE = Pentresi/Info.plist;
				INFOPLIST_KEY_UIApplicationSceneManifest_Generation = YES;
				INFOPLIST_KEY_UIApplicationSupportsIndirectInputEvents = YES;
				INFOPLIST_KEY_UILaunchScreen_Generation = YES;
				INFOPLIST_KEY_UISupportedInterfaceOrientations_iPad = "UIInterfaceOrientationPortrait UIInterfaceOrientationPortraitUpsideDown UIInterfaceOrientationLandscapeLeft UIInterfaceOrientationLandscapeRight";
				INFOPLIST_KEY_UISupportedInterfaceOrientations_iPhone = "UIInterfaceOrientationPortrait UIInterfaceOrientationLandscapeLeft UIInterfaceOrientationLandscapeRight";
				LD_RUNPATH_SEARCH_PATHS = (
					"$(inherited)",
					"@executable_path/Frameworks",
				);
				MARKETING_VERSION = 1.0;
				PRODUCT_BUNDLE_IDENTIFIER = "Illusion-Team.Pentresi";
				PRODUCT_NAME = "$(TARGET_NAME)";
				SWIFT_EMIT_LOC_STRINGS = YES;
				SWIFT_VERSION = 5.0;
				TARGETED_DEVICE_FAMILY = "1,2";
			};
			name = Debug;
		};
		50C6EB082B97DD2900B7F1C9 /* Release */ = {
			isa = XCBuildConfiguration;
			buildSettings = {
				ASSETCATALOG_COMPILER_APPICON_NAME = AppIcon;
				ASSETCATALOG_COMPILER_GLOBAL_ACCENT_COLOR_NAME = AccentColor;
				CODE_SIGN_STYLE = Automatic;
				CURRENT_PROJECT_VERSION = 1;
				DEVELOPMENT_ASSET_PATHS = "\"Pentresi/Preview Content\"";
				DEVELOPMENT_TEAM = 5D94C8T5RQ;
				ENABLE_PREVIEWS = YES;
				GENERATE_INFOPLIST_FILE = YES;
				INFOPLIST_FILE = Pentresi/Info.plist;
				INFOPLIST_KEY_UIApplicationSceneManifest_Generation = YES;
				INFOPLIST_KEY_UIApplicationSupportsIndirectInputEvents = YES;
				INFOPLIST_KEY_UILaunchScreen_Generation = YES;
				INFOPLIST_KEY_UISupportedInterfaceOrientations_iPad = "UIInterfaceOrientationPortrait UIInterfaceOrientationPortraitUpsideDown UIInterfaceOrientationLandscapeLeft UIInterfaceOrientationLandscapeRight";
				INFOPLIST_KEY_UISupportedInterfaceOrientations_iPhone = "UIInterfaceOrientationPortrait UIInterfaceOrientationLandscapeLeft UIInterfaceOrientationLandscapeRight";
				LD_RUNPATH_SEARCH_PATHS = (
					"$(inherited)",
					"@executable_path/Frameworks",
				);
				MARKETING_VERSION = 1.0;
				PRODUCT_BUNDLE_IDENTIFIER = "Illusion-Team.Pentresi";
				PRODUCT_NAME = "$(TARGET_NAME)";
				SWIFT_EMIT_LOC_STRINGS = YES;
				SWIFT_VERSION = 5.0;
				TARGETED_DEVICE_FAMILY = "1,2";
			};
			name = Release;
		};
		50C6EB0A2B97DD2900B7F1C9 /* Debug */ = {
			isa = XCBuildConfiguration;
			buildSettings = {
				ALWAYS_EMBED_SWIFT_STANDARD_LIBRARIES = YES;
				BUNDLE_LOADER = "$(TEST_HOST)";
				CODE_SIGN_STYLE = Automatic;
				CURRENT_PROJECT_VERSION = 1;
				GENERATE_INFOPLIST_FILE = YES;
				IPHONEOS_DEPLOYMENT_TARGET = 17.2;
				MARKETING_VERSION = 1.0;
				PRODUCT_BUNDLE_IDENTIFIER = "Illusion-Team.PentresiTests";
				PRODUCT_NAME = "$(TARGET_NAME)";
				SWIFT_EMIT_LOC_STRINGS = NO;
				SWIFT_VERSION = 5.0;
				TARGETED_DEVICE_FAMILY = "1,2";
				TEST_HOST = "$(BUILT_PRODUCTS_DIR)/Pentresi.app/$(BUNDLE_EXECUTABLE_FOLDER_PATH)/Pentresi";
			};
			name = Debug;
		};
		50C6EB0B2B97DD2900B7F1C9 /* Release */ = {
			isa = XCBuildConfiguration;
			buildSettings = {
				ALWAYS_EMBED_SWIFT_STANDARD_LIBRARIES = YES;
				BUNDLE_LOADER = "$(TEST_HOST)";
				CODE_SIGN_STYLE = Automatic;
				CURRENT_PROJECT_VERSION = 1;
				GENERATE_INFOPLIST_FILE = YES;
				IPHONEOS_DEPLOYMENT_TARGET = 17.2;
				MARKETING_VERSION = 1.0;
				PRODUCT_BUNDLE_IDENTIFIER = "Illusion-Team.PentresiTests";
				PRODUCT_NAME = "$(TARGET_NAME)";
				SWIFT_EMIT_LOC_STRINGS = NO;
				SWIFT_VERSION = 5.0;
				TARGETED_DEVICE_FAMILY = "1,2";
				TEST_HOST = "$(BUILT_PRODUCTS_DIR)/Pentresi.app/$(BUNDLE_EXECUTABLE_FOLDER_PATH)/Pentresi";
			};
			name = Release;
		};
		50C6EB0D2B97DD2900B7F1C9 /* Debug */ = {
			isa = XCBuildConfiguration;
			buildSettings = {
				ALWAYS_EMBED_SWIFT_STANDARD_LIBRARIES = YES;
				CODE_SIGN_STYLE = Automatic;
				CURRENT_PROJECT_VERSION = 1;
				GENERATE_INFOPLIST_FILE = YES;
				MARKETING_VERSION = 1.0;
				PRODUCT_BUNDLE_IDENTIFIER = "Illusion-Team.PentresiUITests";
				PRODUCT_NAME = "$(TARGET_NAME)";
				SWIFT_EMIT_LOC_STRINGS = NO;
				SWIFT_VERSION = 5.0;
				TARGETED_DEVICE_FAMILY = "1,2";
				TEST_TARGET_NAME = Pentresi;
			};
			name = Debug;
		};
		50C6EB0E2B97DD2900B7F1C9 /* Release */ = {
			isa = XCBuildConfiguration;
			buildSettings = {
				ALWAYS_EMBED_SWIFT_STANDARD_LIBRARIES = YES;
				CODE_SIGN_STYLE = Automatic;
				CURRENT_PROJECT_VERSION = 1;
				GENERATE_INFOPLIST_FILE = YES;
				MARKETING_VERSION = 1.0;
				PRODUCT_BUNDLE_IDENTIFIER = "Illusion-Team.PentresiUITests";
				PRODUCT_NAME = "$(TARGET_NAME)";
				SWIFT_EMIT_LOC_STRINGS = NO;
				SWIFT_VERSION = 5.0;
				TARGETED_DEVICE_FAMILY = "1,2";
				TEST_TARGET_NAME = Pentresi;
			};
			name = Release;
		};
/* End XCBuildConfiguration section */

/* Begin XCConfigurationList section */
		50C6EADD2B97DD2700B7F1C9 /* Build configuration list for PBXProject "Pentresi" */ = {
			isa = XCConfigurationList;
			buildConfigurations = (
				50C6EB042B97DD2900B7F1C9 /* Debug */,
				50C6EB052B97DD2900B7F1C9 /* Release */,
			);
			defaultConfigurationIsVisible = 0;
			defaultConfigurationName = Release;
		};
		50C6EB062B97DD2900B7F1C9 /* Build configuration list for PBXNativeTarget "Pentresi" */ = {
			isa = XCConfigurationList;
			buildConfigurations = (
				50C6EB072B97DD2900B7F1C9 /* Debug */,
				50C6EB082B97DD2900B7F1C9 /* Release */,
			);
			defaultConfigurationIsVisible = 0;
			defaultConfigurationName = Release;
		};
		50C6EB092B97DD2900B7F1C9 /* Build configuration list for PBXNativeTarget "PentresiTests" */ = {
			isa = XCConfigurationList;
			buildConfigurations = (
				50C6EB0A2B97DD2900B7F1C9 /* Debug */,
				50C6EB0B2B97DD2900B7F1C9 /* Release */,
			);
			defaultConfigurationIsVisible = 0;
			defaultConfigurationName = Release;
		};
		50C6EB0C2B97DD2900B7F1C9 /* Build configuration list for PBXNativeTarget "PentresiUITests" */ = {
			isa = XCConfigurationList;
			buildConfigurations = (
				50C6EB0D2B97DD2900B7F1C9 /* Debug */,
				50C6EB0E2B97DD2900B7F1C9 /* Release */,
			);
			defaultConfigurationIsVisible = 0;
			defaultConfigurationName = Release;
		};
/* End XCConfigurationList section */
	};
	rootObject = 50C6EADA2B97DD2700B7F1C9 /* Project object */;
}
